
Microsoft Visual Studio Solution File, Format Version 12.00
# Visual Studio 15
VisualStudioVersion = 15.0.28307.852
MinimumVisualStudioVersion = 10.0.40219.1
Project("{FAE04EC0-301F-11D3-BF4B-00C04F79EFBC}") = "GigHub2", "GigHub2\GigHub2.csproj", "{92E2DD81-F825-4D11-B54F-076D6C33CDD4}"
EndProject
Global
	GlobalSection(SolutionConfigurationPlatforms) = preSolution
		Debug|Any CPU = Debug|Any CPU
		Release|Any CPU = Release|Any CPU
	EndGlobalSection
	GlobalSection(ProjectConfigurationPlatforms) = postSolution
		{92E2DD81-F825-4D11-B54F-076D6C33CDD4}.Debug|Any CPU.ActiveCfg = Debug|Any CPU
		{92E2DD81-F825-4D11-B54F-076D6C33CDD4}.Debug|Any CPU.Build.0 = Debug|Any CPU
		{92E2DD81-F825-4D11-B54F-076D6C33CDD4}.Release|Any CPU.ActiveCfg = Release|Any CPU
		{92E2DD81-F825-4D11-B54F-076D6C33CDD4}.Release|Any CPU.Build.0 = Release|Any CPU
	EndGlobalSection
	GlobalSection(SolutionProperties) = preSolution
		HideSolutionNode = FALSE
	EndGlobalSection
	GlobalSection(ExtensibilityGlobals) = postSolution
		SolutionGuid = {0C6F261E-C36A-43E2-BFBB-0E200FF2596F}
	EndGlobalSection
EndGlobal
